Microsoft Visual Studio Solution File, Format Version 12.00
# Visual Studio Version 17
VisualStudioVersion = 17.0.32112.339
MinimumVisualStudioVersion = 10.0.40219.1
Project("{9A19103F-16F7-4668-BE54-9A1E7A4F7556}") = "MeadowClimaHackKit", "MeadowClimaHackKit\MeadowClimaHackKit.csproj", "{E753B478-F501-45A8-8CCB-67970F131033}"
EndProject
Project("{D954291E-2A0B-460D-934E-DC6B0785DB48}") = "CommonContracts", "CommonContracts\CommonContracts.shproj", "{567267B3-ED96-4FEA-B555-2EE203372EA4}"
EndProject
Project("{9A19103F-16F7-4668-BE54-9A1E7A4F7556}") = "MeadowClimaProKit", "MeadowClimaProKit\MeadowClimaProKit.csproj", "{9B08A0CE-DF94-4C59-98D4-B96212E78498}"
EndProject
Project("{9A19103F-16F7-4668-BE54-9A1E7A4F7556}") = "MeadowClimaProKit.Diagnostics", "MeadowClimaProKit.Diagnostics\MeadowClimaProKit.Diagnostics.csproj", "{50B2CBA1-2053-42D6-9783-184802980F4B}"
EndProject
Project("{9A19103F-16F7-4668-BE54-9A1E7A4F7556}") = "MobileClima", "MobileClima\MobileClima.csproj", "{ECCFAF9D-EF9B-4B19-B7D8-37E820EB3ADB}"
EndProject
Project("{2150E333-8FDC-42A3-9474-1A3956D46DE8}") = "_external", "_external", "{D2BB48A4-227D-46F5-AA2F-6EF8EC1C6A36}"
EndProject
Project("{9A19103F-16F7-4668-BE54-9A1E7A4F7556}") = "Meadow.Core", "..\..\..\Meadow.Core\source\Meadow.Core\Meadow.Core.csproj", "{4DBD7E95-FEB7-44FA-8644-04FAAA1E0B5B}"
EndProject
Project("{9A19103F-16F7-4668-BE54-9A1E7A4F7556}") = "Meadow.F7", "..\..\..\Meadow.Core\source\implementations\f7\Meadow.F7\Meadow.F7.csproj", "{B6A7C899-9698-490C-9F71-413628CB994F}"
EndProject
Project("{9A19103F-16F7-4668-BE54-9A1E7A4F7556}") = "Meadow.Foundation.Core", "..\..\..\Meadow.Foundation\Source\Meadow.Foundation.Core\Meadow.Foundation.Core.csproj", "{5FD1375E-D49A-4171-9A6A-4E63BCB232DB}"
EndProject
Project("{9A19103F-16F7-4668-BE54-9A1E7A4F7556}") = "Web.Maple.MapleServer", "..\..\..\Maple\Source\Web.Maple.MapleServer\Driver\Web.Maple.MapleServer.csproj", "{4E17A166-B057-404B-B79C-9FAE5B337429}"
EndProject
Project("{9A19103F-16F7-4668-BE54-9A1E7A4F7556}") = "Graphics.MicroGraphics", "..\..\..\Meadow.Foundation\Source\Meadow.Foundation.Libraries_and_Frameworks\Graphics.MicroGraphics\Driver\Graphics.MicroGraphics.csproj", "{1D0627F9-DA41-40F4-B11F-E84EF1B9F972}"
EndProject
Project("{9A19103F-16F7-4668-BE54-9A1E7A4F7556}") = "Displays.TftSpi", "..\..\..\Meadow.Foundation\Source\Meadow.Foundation.Peripherals\Displays.TftSpi\Driver\Displays.TftSpi.csproj", "{2B353EE8-EE92-4778-96D8-BA673859A75B}"
EndProject
Project("{9A19103F-16F7-4668-BE54-9A1E7A4F7556}") = "Sensors.Atmospheric.Bme68x", "..\..\..\Meadow.Foundation\Source\Meadow.Foundation.Peripherals\Sensors.Atmospheric.Bme68x\Driver\Sensors.Atmospheric.Bme68x.csproj", "{6862DF40-5CEA-44CB-AE5C-2ED645783485}"
EndProject
Project("{9A19103F-16F7-4668-BE54-9A1E7A4F7556}") = "Displays.TextDisplayMenu", "..\..\..\Meadow.Foundation\Source\Meadow.Foundation.Libraries_and_Frameworks\Displays.TextDisplayMenu\Driver\Displays.TextDisplayMenu.csproj", "{F0520423-866D-44A8-BA6A-BBDF72CB26D6}"
EndProject
Project("{9A19103F-16F7-4668-BE54-9A1E7A4F7556}") = "Sensors.Weather.SwitchingAnemometer", "..\..\..\Meadow.Foundation\Source\Meadow.Foundation.Peripherals\Sensors.Weather.SwitchingAnemometer\Driver\Sensors.Weather.SwitchingAnemometer.csproj", "{57025B18-7B7B-4B45-B90B-D65889884284}"
EndProject
Project("{9A19103F-16F7-4668-BE54-9A1E7A4F7556}") = "Sensors.Weather.SwitchingRainGauge", "..\..\..\Meadow.Foundation\Source\Meadow.Foundation.Peripherals\Sensors.Weather.SwitchingRainGauge\Driver\Sensors.Weather.SwitchingRainGauge.csproj", "{3C23C36A-741E-49C2-8D13-D748059D0BBC}"
EndProject
Project("{9A19103F-16F7-4668-BE54-9A1E7A4F7556}") = "Sensors.Weather.WindVane", "..\..\..\Meadow.Foundation\Source\Meadow.Foundation.Peripherals\Sensors.Weather.WindVane\Driver\Sensors.Weather.WindVane.csproj", "{1BB55EE9-202E-47BA-97AE-E10B6981C947}"
EndProject
Global
	GlobalSection(SolutionConfigurationPlatforms) = preSolution
		Debug|Any CPU = Debug|Any CPU
		Debug|iPhone = Debug|iPhone
		Debug|iPhoneSimulator = Debug|iPhoneSimulator
		Release|Any CPU = Release|Any CPU
		Release|iPhone = Release|iPhone
		Release|iPhoneSimulator = Release|iPhoneSimulator
	EndGlobalSection
	GlobalSection(ProjectConfigurationPlatforms) = postSolution
		{E753B478-F501-45A8-8CCB-67970F131033}.Debug|Any CPU.ActiveCfg = Debug|Any CPU
		{E753B478-F501-45A8-8CCB-67970F131033}.Debug|Any CPU.Build.0 = Debug|Any CPU
		{E753B478-F501-45A8-8CCB-67970F131033}.Debug|Any CPU.Deploy.0 = Debug|Any CPU
		{E753B478-F501-45A8-8CCB-67970F131033}.Debug|iPhone.ActiveCfg = Debug|Any CPU
		{E753B478-F501-45A8-8CCB-67970F131033}.Debug|iPhone.Build.0 = Debug|Any CPU
		{E753B478-F501-45A8-8CCB-67970F131033}.Debug|iPhone.Deploy.0 = Debug|Any CPU
		{E753B478-F501-45A8-8CCB-67970F131033}.Debug|iPhoneSimulator.ActiveCfg = Debug|Any CPU
		{E753B478-F501-45A8-8CCB-67970F131033}.Debug|iPhoneSimulator.Build.0 = Debug|Any CPU
		{E753B478-F501-45A8-8CCB-67970F131033}.Debug|iPhoneSimulator.Deploy.0 = Debug|Any CPU
		{E753B478-F501-45A8-8CCB-67970F131033}.Release|Any CPU.ActiveCfg = Release|Any CPU
		{E753B478-F501-45A8-8CCB-67970F131033}.Release|Any CPU.Build.0 = Release|Any CPU
		{E753B478-F501-45A8-8CCB-67970F131033}.Release|iPhone.ActiveCfg = Release|Any CPU
		{E753B478-F501-45A8-8CCB-67970F131033}.Release|iPhone.Build.0 = Release|Any CPU
		{E753B478-F501-45A8-8CCB-67970F131033}.Release|iPhone.Deploy.0 = Release|Any CPU
		{E753B478-F501-45A8-8CCB-67970F131033}.Release|iPhoneSimulator.ActiveCfg = Release|Any CPU
		{E753B478-F501-45A8-8CCB-67970F131033}.Release|iPhoneSimulator.Build.0 = Release|Any CPU
		{E753B478-F501-45A8-8CCB-67970F131033}.Release|iPhoneSimulator.Deploy.0 = Release|Any CPU
		{9B08A0CE-DF94-4C59-98D4-B96212E78498}.Debug|Any CPU.ActiveCfg = Debug|Any CPU
		{9B08A0CE-DF94-4C59-98D4-B96212E78498}.Debug|Any CPU.Build.0 = Debug|Any CPU
		{9B08A0CE-DF94-4C59-98D4-B96212E78498}.Debug|Any CPU.Deploy.0 = Debug|Any CPU
		{9B08A0CE-DF94-4C59-98D4-B96212E78498}.Debug|iPhone.ActiveCfg = Debug|Any CPU
		{9B08A0CE-DF94-4C59-98D4-B96212E78498}.Debug|iPhone.Build.0 = Debug|Any CPU
		{9B08A0CE-DF94-4C59-98D4-B96212E78498}.Debug|iPhone.Deploy.0 = Debug|Any CPU
		{9B08A0CE-DF94-4C59-98D4-B96212E78498}.Debug|iPhoneSimulator.ActiveCfg = Debug|Any CPU
		{9B08A0CE-DF94-4C59-98D4-B96212E78498}.Debug|iPhoneSimulator.Build.0 = Debug|Any CPU
		{9B08A0CE-DF94-4C59-98D4-B96212E78498}.Debug|iPhoneSimulator.Deploy.0 = Debug|Any CPU
		{9B08A0CE-DF94-4C59-98D4-B96212E78498}.Release|Any CPU.ActiveCfg = Release|Any CPU
		{9B08A0CE-DF94-4C59-98D4-B96212E78498}.Release|Any CPU.Build.0 = Release|Any CPU
		{9B08A0CE-DF94-4C59-98D4-B96212E78498}.Release|Any CPU.Deploy.0 = Release|Any CPU
		{9B08A0CE-DF94-4C59-98D4-B96212E78498}.Release|iPhone.ActiveCfg = Release|Any CPU
		{9B08A0CE-DF94-4C59-98D4-B96212E78498}.Release|iPhone.Build.0 = Release|Any CPU
		{9B08A0CE-DF94-4C59-98D4-B96212E78498}.Release|iPhone.Deploy.0 = Release|Any CPU
		{9B08A0CE-DF94-4C59-98D4-B96212E78498}.Release|iPhoneSimulator.ActiveCfg = Release|Any CPU
		{9B08A0CE-DF94-4C59-98D4-B96212E78498}.Release|iPhoneSimulator.Build.0 = Release|Any CPU
		{9B08A0CE-DF94-4C59-98D4-B96212E78498}.Release|iPhoneSimulator.Deploy.0 = Release|Any CPU
		{50B2CBA1-2053-42D6-9783-184802980F4B}.Debug|Any CPU.ActiveCfg = Debug|Any CPU
		{50B2CBA1-2053-42D6-9783-184802980F4B}.Debug|Any CPU.Build.0 = Debug|Any CPU
		{50B2CBA1-2053-42D6-9783-184802980F4B}.Debug|Any CPU.Deploy.0 = Debug|Any CPU
		{50B2CBA1-2053-42D6-9783-184802980F4B}.Debug|iPhone.ActiveCfg = Debug|Any CPU
		{50B2CBA1-2053-42D6-9783-184802980F4B}.Debug|iPhone.Build.0 = Debug|Any CPU
		{50B2CBA1-2053-42D6-9783-184802980F4B}.Debug|iPhoneSimulator.ActiveCfg = Debug|Any CPU
		{50B2CBA1-2053-42D6-9783-184802980F4B}.Debug|iPhoneSimulator.Build.0 = Debug|Any CPU
		{50B2CBA1-2053-42D6-9783-184802980F4B}.Release|Any CPU.ActiveCfg = Release|Any CPU
		{50B2CBA1-2053-42D6-9783-184802980F4B}.Release|Any CPU.Build.0 = Release|Any CPU
		{50B2CBA1-2053-42D6-9783-184802980F4B}.Release|iPhone.ActiveCfg = Release|Any CPU
		{50B2CBA1-2053-42D6-9783-184802980F4B}.Release|iPhone.Build.0 = Release|Any CPU
		{50B2CBA1-2053-42D6-9783-184802980F4B}.Release|iPhoneSimulator.ActiveCfg = Release|Any CPU
		{50B2CBA1-2053-42D6-9783-184802980F4B}.Release|iPhoneSimulator.Build.0 = Release|Any CPU
		{ECCFAF9D-EF9B-4B19-B7D8-37E820EB3ADB}.Debug|Any CPU.ActiveCfg = Debug|Any CPU
		{ECCFAF9D-EF9B-4B19-B7D8-37E820EB3ADB}.Debug|Any CPU.Build.0 = Debug|Any CPU
		{ECCFAF9D-EF9B-4B19-B7D8-37E820EB3ADB}.Debug|Any CPU.Deploy.0 = Debug|Any CPU
		{ECCFAF9D-EF9B-4B19-B7D8-37E820EB3ADB}.Debug|iPhone.ActiveCfg = Debug|Any CPU
		{ECCFAF9D-EF9B-4B19-B7D8-37E820EB3ADB}.Debug|iPhone.Build.0 = Debug|Any CPU
		{ECCFAF9D-EF9B-4B19-B7D8-37E820EB3ADB}.Debug|iPhoneSimulator.ActiveCfg = Debug|Any CPU
		{ECCFAF9D-EF9B-4B19-B7D8-37E820EB3ADB}.Debug|iPhoneSimulator.Build.0 = Debug|Any CPU
		{ECCFAF9D-EF9B-4B19-B7D8-37E820EB3ADB}.Release|Any CPU.ActiveCfg = Release|Any CPU
		{ECCFAF9D-EF9B-4B19-B7D8-37E820EB3ADB}.Release|Any CPU.Build.0 = Release|Any CPU
		{ECCFAF9D-EF9B-4B19-B7D8-37E820EB3ADB}.Release|iPhone.ActiveCfg = Release|Any CPU
		{ECCFAF9D-EF9B-4B19-B7D8-37E820EB3ADB}.Release|iPhone.Build.0 = Release|Any CPU
		{ECCFAF9D-EF9B-4B19-B7D8-37E820EB3ADB}.Release|iPhoneSimulator.ActiveCfg = Release|Any CPU
		{ECCFAF9D-EF9B-4B19-B7D8-37E820EB3ADB}.Release|iPhoneSimulator.Build.0 = Release|Any CPU
		{4DBD7E95-FEB7-44FA-8644-04FAAA1E0B5B}.Debug|Any CPU.ActiveCfg = Debug|Any CPU
		{4DBD7E95-FEB7-44FA-8644-04FAAA1E0B5B}.Debug|Any CPU.Build.0 = Debug|Any CPU
		{4DBD7E95-FEB7-44FA-8644-04FAAA1E0B5B}.Debug|Any CPU.Deploy.0 = Debug|Any CPU
		{4DBD7E95-FEB7-44FA-8644-04FAAA1E0B5B}.Debug|iPhone.ActiveCfg = Debug|Any CPU
		{4DBD7E95-FEB7-44FA-8644-04FAAA1E0B5B}.Debug|iPhone.Build.0 = Debug|Any CPU
		{4DBD7E95-FEB7-44FA-8644-04FAAA1E0B5B}.Debug|iPhone.Deploy.0 = Debug|Any CPU
		{4DBD7E95-FEB7-44FA-8644-04FAAA1E0B5B}.Debug|iPhoneSimulator.ActiveCfg = Debug|Any CPU
		{4DBD7E95-FEB7-44FA-8644-04FAAA1E0B5B}.Debug|iPhoneSimulator.Build.0 = Debug|Any CPU
		{4DBD7E95-FEB7-44FA-8644-04FAAA1E0B5B}.Debug|iPhoneSimulator.Deploy.0 = Debug|Any CPU
		{4DBD7E95-FEB7-44FA-8644-04FAAA1E0B5B}.Release|Any CPU.ActiveCfg = Release|Any CPU
		{4DBD7E95-FEB7-44FA-8644-04FAAA1E0B5B}.Release|Any CPU.Build.0 = Release|Any CPU
		{4DBD7E95-FEB7-44FA-8644-04FAAA1E0B5B}.Release|Any CPU.Deploy.0 = Release|Any CPU
		{4DBD7E95-FEB7-44FA-8644-04FAAA1E0B5B}.Release|iPhone.ActiveCfg = Release|Any CPU
		{4DBD7E95-FEB7-44FA-8644-04FAAA1E0B5B}.Release|iPhone.Build.0 = Release|Any CPU
		{4DBD7E95-FEB7-44FA-8644-04FAAA1E0B5B}.Release|iPhone.Deploy.0 = Release|Any CPU
		{4DBD7E95-FEB7-44FA-8644-04FAAA1E0B5B}.Release|iPhoneSimulator.ActiveCfg = Release|Any CPU
		{4DBD7E95-FEB7-44FA-8644-04FAAA1E0B5B}.Release|iPhoneSimulator.Build.0 = Release|Any CPU
		{4DBD7E95-FEB7-44FA-8644-04FAAA1E0B5B}.Release|iPhoneSimulator.Deploy.0 = Release|Any CPU
		{B6A7C899-9698-490C-9F71-413628CB994F}.Debug|Any CPU.ActiveCfg = Debug|Any CPU
		{B6A7C899-9698-490C-9F71-413628CB994F}.Debug|Any CPU.Build.0 = Debug|Any CPU
		{B6A7C899-9698-490C-9F71-413628CB994F}.Debug|Any CPU.Deploy.0 = Debug|Any CPU
		{B6A7C899-9698-490C-9F71-413628CB994F}.Debug|iPhone.ActiveCfg = Debug|Any CPU
		{B6A7C899-9698-490C-9F71-413628CB994F}.Debug|iPhone.Build.0 = Debug|Any CPU
		{B6A7C899-9698-490C-9F71-413628CB994F}.Debug|iPhone.Deploy.0 = Debug|Any CPU
		{B6A7C899-9698-490C-9F71-413628CB994F}.Debug|iPhoneSimulator.ActiveCfg = Debug|Any CPU
		{B6A7C899-9698-490C-9F71-413628CB994F}.Debug|iPhoneSimulator.Build.0 = Debug|Any CPU
		{B6A7C899-9698-490C-9F71-413628CB994F}.Debug|iPhoneSimulator.Deploy.0 = Debug|Any CPU
		{B6A7C899-9698-490C-9F71-413628CB994F}.Release|Any CPU.ActiveCfg = Release|Any CPU
		{B6A7C899-9698-490C-9F71-413628CB994F}.Release|Any CPU.Build.0 = Release|Any CPU
		{B6A7C899-9698-490C-9F71-413628CB994F}.Release|Any CPU.Deploy.0 = Release|Any CPU
		{B6A7C899-9698-490C-9F71-413628CB994F}.Release|iPhone.ActiveCfg = Release|Any CPU
		{B6A7C899-9698-490C-9F71-413628CB994F}.Release|iPhone.Build.0 = Release|Any CPU
		{B6A7C899-9698-490C-9F71-413628CB994F}.Release|iPhone.Deploy.0 = Release|Any CPU
		{B6A7C899-9698-490C-9F71-413628CB994F}.Release|iPhoneSimulator.ActiveCfg = Release|Any CPU
		{B6A7C899-9698-490C-9F71-413628CB994F}.Release|iPhoneSimulator.Build.0 = Release|Any CPU
		{B6A7C899-9698-490C-9F71-413628CB994F}.Release|iPhoneSimulator.Deploy.0 = Release|Any CPU
		{5FD1375E-D49A-4171-9A6A-4E63BCB232DB}.Debug|Any CPU.ActiveCfg = Debug|Any CPU
		{5FD1375E-D49A-4171-9A6A-4E63BCB232DB}.Debug|Any CPU.Build.0 = Debug|Any CPU
		{5FD1375E-D49A-4171-9A6A-4E63BCB232DB}.Debug|Any CPU.Deploy.0 = Debug|Any CPU
		{5FD1375E-D49A-4171-9A6A-4E63BCB232DB}.Debug|iPhone.ActiveCfg = Debug|Any CPU
		{5FD1375E-D49A-4171-9A6A-4E63BCB232DB}.Debug|iPhone.Build.0 = Debug|Any CPU
		{5FD1375E-D49A-4171-9A6A-4E63BCB232DB}.Debug|iPhone.Deploy.0 = Debug|Any CPU
		{5FD1375E-D49A-4171-9A6A-4E63BCB232DB}.Debug|iPhoneSimulator.ActiveCfg = Debug|Any CPU
		{5FD1375E-D49A-4171-9A6A-4E63BCB232DB}.Debug|iPhoneSimulator.Build.0 = Debug|Any CPU
		{5FD1375E-D49A-4171-9A6A-4E63BCB232DB}.Debug|iPhoneSimulator.Deploy.0 = Debug|Any CPU
		{5FD1375E-D49A-4171-9A6A-4E63BCB232DB}.Release|Any CPU.ActiveCfg = Release|Any CPU
		{5FD1375E-D49A-4171-9A6A-4E63BCB232DB}.Release|Any CPU.Build.0 = Release|Any CPU
		{5FD1375E-D49A-4171-9A6A-4E63BCB232DB}.Release|Any CPU.Deploy.0 = Release|Any CPU
		{5FD1375E-D49A-4171-9A6A-4E63BCB232DB}.Release|iPhone.ActiveCfg = Release|Any CPU
		{5FD1375E-D49A-4171-9A6A-4E63BCB232DB}.Release|iPhone.Build.0 = Release|Any CPU
		{5FD1375E-D49A-4171-9A6A-4E63BCB232DB}.Release|iPhone.Deploy.0 = Release|Any CPU
		{5FD1375E-D49A-4171-9A6A-4E63BCB232DB}.Release|iPhoneSimulator.ActiveCfg = Release|Any CPU
		{5FD1375E-D49A-4171-9A6A-4E63BCB232DB}.Release|iPhoneSimulator.Build.0 = Release|Any CPU
		{5FD1375E-D49A-4171-9A6A-4E63BCB232DB}.Release|iPhoneSimulator.Deploy.0 = Release|Any CPU
		{4E17A166-B057-404B-B79C-9FAE5B337429}.Debug|Any CPU.ActiveCfg = Debug|Any CPU
		{4E17A166-B057-404B-B79C-9FAE5B337429}.Debug|Any CPU.Build.0 = Debug|Any CPU
		{4E17A166-B057-404B-B79C-9FAE5B337429}.Debug|Any CPU.Deploy.0 = Debug|Any CPU
		{4E17A166-B057-404B-B79C-9FAE5B337429}.Debug|iPhone.ActiveCfg = Debug|Any CPU
		{4E17A166-B057-404B-B79C-9FAE5B337429}.Debug|iPhone.Build.0 = Debug|Any CPU
		{4E17A166-B057-404B-B79C-9FAE5B337429}.Debug|iPhone.Deploy.0 = Debug|Any CPU
		{4E17A166-B057-404B-B79C-9FAE5B337429}.Debug|iPhoneSimulator.ActiveCfg = Debug|Any CPU
		{4E17A166-B057-404B-B79C-9FAE5B337429}.Debug|iPhoneSimulator.Build.0 = Debug|Any CPU
		{4E17A166-B057-404B-B79C-9FAE5B337429}.Debug|iPhoneSimulator.Deploy.0 = Debug|Any CPU
		{4E17A166-B057-404B-B79C-9FAE5B337429}.Release|Any CPU.ActiveCfg = Release|Any CPU
		{4E17A166-B057-404B-B79C-9FAE5B337429}.Release|Any CPU.Build.0 = Release|Any CPU
		{4E17A166-B057-404B-B79C-9FAE5B337429}.Release|Any CPU.Deploy.0 = Release|Any CPU
		{4E17A166-B057-404B-B79C-9FAE5B337429}.Release|iPhone.ActiveCfg = Release|Any CPU
		{4E17A166-B057-404B-B79C-9FAE5B337429}.Release|iPhone.Build.0 = Release|Any CPU
		{4E17A166-B057-404B-B79C-9FAE5B337429}.Release|iPhone.Deploy.0 = Release|Any CPU
		{4E17A166-B057-404B-B79C-9FAE5B337429}.Release|iPhoneSimulator.ActiveCfg = Release|Any CPU
		{4E17A166-B057-404B-B79C-9FAE5B337429}.Release|iPhoneSimulator.Build.0 = Release|Any CPU
		{4E17A166-B057-404B-B79C-9FAE5B337429}.Release|iPhoneSimulator.Deploy.0 = Release|Any CPU
		{1D0627F9-DA41-40F4-B11F-E84EF1B9F972}.Debug|Any CPU.ActiveCfg = Debug|Any CPU
		{1D0627F9-DA41-40F4-B11F-E84EF1B9F972}.Debug|Any CPU.Build.0 = Debug|Any CPU
		{1D0627F9-DA41-40F4-B11F-E84EF1B9F972}.Debug|Any CPU.Deploy.0 = Debug|Any CPU
		{1D0627F9-DA41-40F4-B11F-E84EF1B9F972}.Debug|iPhone.ActiveCfg = Debug|Any CPU
		{1D0627F9-DA41-40F4-B11F-E84EF1B9F972}.Debug|iPhone.Build.0 = Debug|Any CPU
		{1D0627F9-DA41-40F4-B11F-E84EF1B9F972}.Debug|iPhone.Deploy.0 = Debug|Any CPU
		{1D0627F9-DA41-40F4-B11F-E84EF1B9F972}.Debug|iPhoneSimulator.ActiveCfg = Debug|Any CPU
		{1D0627F9-DA41-40F4-B11F-E84EF1B9F972}.Debug|iPhoneSimulator.Build.0 = Debug|Any CPU
		{1D0627F9-DA41-40F4-B11F-E84EF1B9F972}.Debug|iPhoneSimulator.Deploy.0 = Debug|Any CPU
		{1D0627F9-DA41-40F4-B11F-E84EF1B9F972}.Release|Any CPU.ActiveCfg = Release|Any CPU
		{1D0627F9-DA41-40F4-B11F-E84EF1B9F972}.Release|Any CPU.Build.0 = Release|Any CPU
		{1D0627F9-DA41-40F4-B11F-E84EF1B9F972}.Release|Any CPU.Deploy.0 = Release|Any CPU
		{1D0627F9-DA41-40F4-B11F-E84EF1B9F972}.Release|iPhone.ActiveCfg = Release|Any CPU
		{1D0627F9-DA41-40F4-B11F-E84EF1B9F972}.Release|iPhone.Build.0 = Release|Any CPU
		{1D0627F9-DA41-40F4-B11F-E84EF1B9F972}.Release|iPhone.Deploy.0 = Release|Any CPU
		{1D0627F9-DA41-40F4-B11F-E84EF1B9F972}.Release|iPhoneSimulator.ActiveCfg = Release|Any CPU
		{1D0627F9-DA41-40F4-B11F-E84EF1B9F972}.Release|iPhoneSimulator.Build.0 = Release|Any CPU
		{1D0627F9-DA41-40F4-B11F-E84EF1B9F972}.Release|iPhoneSimulator.Deploy.0 = Release|Any CPU
		{2B353EE8-EE92-4778-96D8-BA673859A75B}.Debug|Any CPU.ActiveCfg = Debug|Any CPU
		{2B353EE8-EE92-4778-96D8-BA673859A75B}.Debug|Any CPU.Build.0 = Debug|Any CPU
		{2B353EE8-EE92-4778-96D8-BA673859A75B}.Debug|Any CPU.Deploy.0 = Debug|Any CPU
		{2B353EE8-EE92-4778-96D8-BA673859A75B}.Debug|iPhone.ActiveCfg = Debug|Any CPU
		{2B353EE8-EE92-4778-96D8-BA673859A75B}.Debug|iPhone.Build.0 = Debug|Any CPU
		{2B353EE8-EE92-4778-96D8-BA673859A75B}.Debug|iPhone.Deploy.0 = Debug|Any CPU
		{2B353EE8-EE92-4778-96D8-BA673859A75B}.Debug|iPhoneSimulator.ActiveCfg = Debug|Any CPU
		{2B353EE8-EE92-4778-96D8-BA673859A75B}.Debug|iPhoneSimulator.Build.0 = Debug|Any CPU
		{2B353EE8-EE92-4778-96D8-BA673859A75B}.Debug|iPhoneSimulator.Deploy.0 = Debug|Any CPU
		{2B353EE8-EE92-4778-96D8-BA673859A75B}.Release|Any CPU.ActiveCfg = Release|Any CPU
		{2B353EE8-EE92-4778-96D8-BA673859A75B}.Release|Any CPU.Build.0 = Release|Any CPU
		{2B353EE8-EE92-4778-96D8-BA673859A75B}.Release|Any CPU.Deploy.0 = Release|Any CPU
		{2B353EE8-EE92-4778-96D8-BA673859A75B}.Release|iPhone.ActiveCfg = Release|Any CPU
		{2B353EE8-EE92-4778-96D8-BA673859A75B}.Release|iPhone.Build.0 = Release|Any CPU
		{2B353EE8-EE92-4778-96D8-BA673859A75B}.Release|iPhone.Deploy.0 = Release|Any CPU
		{2B353EE8-EE92-4778-96D8-BA673859A75B}.Release|iPhoneSimulator.ActiveCfg = Release|Any CPU
		{2B353EE8-EE92-4778-96D8-BA673859A75B}.Release|iPhoneSimulator.Build.0 = Release|Any CPU
		{2B353EE8-EE92-4778-96D8-BA673859A75B}.Release|iPhoneSimulator.Deploy.0 = Release|Any CPU
		{6862DF40-5CEA-44CB-AE5C-2ED645783485}.Debug|Any CPU.ActiveCfg = Debug|Any CPU
		{6862DF40-5CEA-44CB-AE5C-2ED645783485}.Debug|Any CPU.Build.0 = Debug|Any CPU
		{6862DF40-5CEA-44CB-AE5C-2ED645783485}.Debug|Any CPU.Deploy.0 = Debug|Any CPU
		{6862DF40-5CEA-44CB-AE5C-2ED645783485}.Debug|iPhone.ActiveCfg = Debug|Any CPU
		{6862DF40-5CEA-44CB-AE5C-2ED645783485}.Debug|iPhone.Build.0 = Debug|Any CPU
		{6862DF40-5CEA-44CB-AE5C-2ED645783485}.Debug|iPhone.Deploy.0 = Debug|Any CPU
		{6862DF40-5CEA-44CB-AE5C-2ED645783485}.Debug|iPhoneSimulator.ActiveCfg = Debug|Any CPU
		{6862DF40-5CEA-44CB-AE5C-2ED645783485}.Debug|iPhoneSimulator.Build.0 = Debug|Any CPU
		{6862DF40-5CEA-44CB-AE5C-2ED645783485}.Debug|iPhoneSimulator.Deploy.0 = Debug|Any CPU
		{6862DF40-5CEA-44CB-AE5C-2ED645783485}.Release|Any CPU.ActiveCfg = Release|Any CPU
		{6862DF40-5CEA-44CB-AE5C-2ED645783485}.Release|Any CPU.Build.0 = Release|Any CPU
		{6862DF40-5CEA-44CB-AE5C-2ED645783485}.Release|Any CPU.Deploy.0 = Release|Any CPU
		{6862DF40-5CEA-44CB-AE5C-2ED645783485}.Release|iPhone.ActiveCfg = Release|Any CPU
		{6862DF40-5CEA-44CB-AE5C-2ED645783485}.Release|iPhone.Build.0 = Release|Any CPU
		{6862DF40-5CEA-44CB-AE5C-2ED645783485}.Release|iPhone.Deploy.0 = Release|Any CPU
		{6862DF40-5CEA-44CB-AE5C-2ED645783485}.Release|iPhoneSimulator.ActiveCfg = Release|Any CPU
		{6862DF40-5CEA-44CB-AE5C-2ED645783485}.Release|iPhoneSimulator.Build.0 = Release|Any CPU
		{6862DF40-5CEA-44CB-AE5C-2ED645783485}.Release|iPhoneSimulator.Deploy.0 = Release|Any CPU
		{F0520423-866D-44A8-BA6A-BBDF72CB26D6}.Debug|Any CPU.ActiveCfg = Debug|Any CPU
		{F0520423-866D-44A8-BA6A-BBDF72CB26D6}.Debug|Any CPU.Build.0 = Debug|Any CPU
		{F0520423-866D-44A8-BA6A-BBDF72CB26D6}.Debug|Any CPU.Deploy.0 = Debug|Any CPU
		{F0520423-866D-44A8-BA6A-BBDF72CB26D6}.Debug|iPhone.ActiveCfg = Debug|Any CPU
		{F0520423-866D-44A8-BA6A-BBDF72CB26D6}.Debug|iPhone.Build.0 = Debug|Any CPU
		{F0520423-866D-44A8-BA6A-BBDF72CB26D6}.Debug|iPhone.Deploy.0 = Debug|Any CPU
		{F0520423-866D-44A8-BA6A-BBDF72CB26D6}.Debug|iPhoneSimulator.ActiveCfg = Debug|Any CPU
		{F0520423-866D-44A8-BA6A-BBDF72CB26D6}.Debug|iPhoneSimulator.Build.0 = Debug|Any CPU
		{F0520423-866D-44A8-BA6A-BBDF72CB26D6}.Debug|iPhoneSimulator.Deploy.0 = Debug|Any CPU
		{F0520423-866D-44A8-BA6A-BBDF72CB26D6}.Release|Any CPU.ActiveCfg = Release|Any CPU
		{F0520423-866D-44A8-BA6A-BBDF72CB26D6}.Release|Any CPU.Build.0 = Release|Any CPU
		{F0520423-866D-44A8-BA6A-BBDF72CB26D6}.Release|Any CPU.Deploy.0 = Release|Any CPU
		{F0520423-866D-44A8-BA6A-BBDF72CB26D6}.Release|iPhone.ActiveCfg = Release|Any CPU
		{F0520423-866D-44A8-BA6A-BBDF72CB26D6}.Release|iPhone.Build.0 = Release|Any CPU
		{F0520423-866D-44A8-BA6A-BBDF72CB26D6}.Release|iPhone.Deploy.0 = Release|Any CPU
		{F0520423-866D-44A8-BA6A-BBDF72CB26D6}.Release|iPhoneSimulator.ActiveCfg = Release|Any CPU
		{F0520423-866D-44A8-BA6A-BBDF72CB26D6}.Release|iPhoneSimulator.Build.0 = Release|Any CPU
		{F0520423-866D-44A8-BA6A-BBDF72CB26D6}.Release|iPhoneSimulator.Deploy.0 = Release|Any CPU
		{57025B18-7B7B-4B45-B90B-D65889884284}.Debug|Any CPU.ActiveCfg = Debug|Any CPU
		{57025B18-7B7B-4B45-B90B-D65889884284}.Debug|Any CPU.Build.0 = Debug|Any CPU
		{57025B18-7B7B-4B45-B90B-D65889884284}.Debug|Any CPU.Deploy.0 = Debug|Any CPU
		{57025B18-7B7B-4B45-B90B-D65889884284}.Debug|iPhone.ActiveCfg = Debug|Any CPU
		{57025B18-7B7B-4B45-B90B-D65889884284}.Debug|iPhone.Build.0 = Debug|Any CPU
		{57025B18-7B7B-4B45-B90B-D65889884284}.Debug|iPhone.Deploy.0 = Debug|Any CPU
		{57025B18-7B7B-4B45-B90B-D65889884284}.Debug|iPhoneSimulator.ActiveCfg = Debug|Any CPU
		{57025B18-7B7B-4B45-B90B-D65889884284}.Debug|iPhoneSimulator.Build.0 = Debug|Any CPU
		{57025B18-7B7B-4B45-B90B-D65889884284}.Debug|iPhoneSimulator.Deploy.0 = Debug|Any CPU
		{57025B18-7B7B-4B45-B90B-D65889884284}.Release|Any CPU.ActiveCfg = Release|Any CPU
		{57025B18-7B7B-4B45-B90B-D65889884284}.Release|Any CPU.Build.0 = Release|Any CPU
		{57025B18-7B7B-4B45-B90B-D65889884284}.Release|Any CPU.Deploy.0 = Release|Any CPU
		{57025B18-7B7B-4B45-B90B-D65889884284}.Release|iPhone.ActiveCfg = Release|Any CPU
		{57025B18-7B7B-4B45-B90B-D65889884284}.Release|iPhone.Build.0 = Release|Any CPU
		{57025B18-7B7B-4B45-B90B-D65889884284}.Release|iPhone.Deploy.0 = Release|Any CPU
		{57025B18-7B7B-4B45-B90B-D65889884284}.Release|iPhoneSimulator.ActiveCfg = Release|Any CPU
		{57025B18-7B7B-4B45-B90B-D65889884284}.Release|iPhoneSimulator.Build.0 = Release|Any CPU
		{57025B18-7B7B-4B45-B90B-D65889884284}.Release|iPhoneSimulator.Deploy.0 = Release|Any CPU
		{3C23C36A-741E-49C2-8D13-D748059D0BBC}.Debug|Any CPU.ActiveCfg = Debug|Any CPU
		{3C23C36A-741E-49C2-8D13-D748059D0BBC}.Debug|Any CPU.Build.0 = Debug|Any CPU
		{3C23C36A-741E-49C2-8D13-D748059D0BBC}.Debug|Any CPU.Deploy.0 = Debug|Any CPU
		{3C23C36A-741E-49C2-8D13-D748059D0BBC}.Debug|iPhone.ActiveCfg = Debug|Any CPU
		{3C23C36A-741E-49C2-8D13-D748059D0BBC}.Debug|iPhone.Build.0 = Debug|Any CPU
		{3C23C36A-741E-49C2-8D13-D748059D0BBC}.Debug|iPhone.Deploy.0 = Debug|Any CPU
		{3C23C36A-741E-49C2-8D13-D748059D0BBC}.Debug|iPhoneSimulator.ActiveCfg = Debug|Any CPU
		{3C23C36A-741E-49C2-8D13-D748059D0BBC}.Debug|iPhoneSimulator.Build.0 = Debug|Any CPU
		{3C23C36A-741E-49C2-8D13-D748059D0BBC}.Debug|iPhoneSimulator.Deploy.0 = Debug|Any CPU
		{3C23C36A-741E-49C2-8D13-D748059D0BBC}.Release|Any CPU.ActiveCfg = Release|Any CPU
		{3C23C36A-741E-49C2-8D13-D748059D0BBC}.Release|Any CPU.Build.0 = Release|Any CPU
		{3C23C36A-741E-49C2-8D13-D748059D0BBC}.Release|Any CPU.Deploy.0 = Release|Any CPU
		{3C23C36A-741E-49C2-8D13-D748059D0BBC}.Release|iPhone.ActiveCfg = Release|Any CPU
		{3C23C36A-741E-49C2-8D13-D748059D0BBC}.Release|iPhone.Build.0 = Release|Any CPU
		{3C23C36A-741E-49C2-8D13-D748059D0BBC}.Release|iPhone.Deploy.0 = Release|Any CPU
		{3C23C36A-741E-49C2-8D13-D748059D0BBC}.Release|iPhoneSimulator.ActiveCfg = Release|Any CPU
		{3C23C36A-741E-49C2-8D13-D748059D0BBC}.Release|iPhoneSimulator.Build.0 = Release|Any CPU
		{3C23C36A-741E-49C2-8D13-D748059D0BBC}.Release|iPhoneSimulator.Deploy.0 = Release|Any CPU
		{1BB55EE9-202E-47BA-97AE-E10B6981C947}.Debug|Any CPU.ActiveCfg = Debug|Any CPU
		{1BB55EE9-202E-47BA-97AE-E10B6981C947}.Debug|Any CPU.Build.0 = Debug|Any CPU
		{1BB55EE9-202E-47BA-97AE-E10B6981C947}.Debug|Any CPU.Deploy.0 = Debug|Any CPU
		{1BB55EE9-202E-47BA-97AE-E10B6981C947}.Debug|iPhone.ActiveCfg = Debug|Any CPU
		{1BB55EE9-202E-47BA-97AE-E10B6981C947}.Debug|iPhone.Build.0 = Debug|Any CPU
		{1BB55EE9-202E-47BA-97AE-E10B6981C947}.Debug|iPhone.Deploy.0 = Debug|Any CPU
		{1BB55EE9-202E-47BA-97AE-E10B6981C947}.Debug|iPhoneSimulator.ActiveCfg = Debug|Any CPU
		{1BB55EE9-202E-47BA-97AE-E10B6981C947}.Debug|iPhoneSimulator.Build.0 = Debug|Any CPU
		{1BB55EE9-202E-47BA-97AE-E10B6981C947}.Debug|iPhoneSimulator.Deploy.0 = Debug|Any CPU
		{1BB55EE9-202E-47BA-97AE-E10B6981C947}.Release|Any CPU.ActiveCfg = Release|Any CPU
		{1BB55EE9-202E-47BA-97AE-E10B6981C947}.Release|Any CPU.Build.0 = Release|Any CPU
		{1BB55EE9-202E-47BA-97AE-E10B6981C947}.Release|Any CPU.Deploy.0 = Release|Any CPU
		{1BB55EE9-202E-47BA-97AE-E10B6981C947}.Release|iPhone.ActiveCfg = Release|Any CPU
		{1BB55EE9-202E-47BA-97AE-E10B6981C947}.Release|iPhone.Build.0 = Release|Any CPU
		{1BB55EE9-202E-47BA-97AE-E10B6981C947}.Release|iPhone.Deploy.0 = Release|Any CPU
		{1BB55EE9-202E-47BA-97AE-E10B6981C947}.Release|iPhoneSimulator.ActiveCfg = Release|Any CPU
		{1BB55EE9-202E-47BA-97AE-E10B6981C947}.Release|iPhoneSimulator.Build.0 = Release|Any CPU
		{1BB55EE9-202E-47BA-97AE-E10B6981C947}.Release|iPhoneSimulator.Deploy.0 = Release|Any CPU
	EndGlobalSection
	GlobalSection(SolutionProperties) = preSolution
		HideSolutionNode = FALSE
	EndGlobalSection
	GlobalSection(NestedProjects) = preSolution
		{4DBD7E95-FEB7-44FA-8644-04FAAA1E0B5B} = {D2BB48A4-227D-46F5-AA2F-6EF8EC1C6A36}
		{B6A7C899-9698-490C-9F71-413628CB994F} = {D2BB48A4-227D-46F5-AA2F-6EF8EC1C6A36}
		{5FD1375E-D49A-4171-9A6A-4E63BCB232DB} = {D2BB48A4-227D-46F5-AA2F-6EF8EC1C6A36}
		{4E17A166-B057-404B-B79C-9FAE5B337429} = {D2BB48A4-227D-46F5-AA2F-6EF8EC1C6A36}
		{1D0627F9-DA41-40F4-B11F-E84EF1B9F972} = {D2BB48A4-227D-46F5-AA2F-6EF8EC1C6A36}
		{2B353EE8-EE92-4778-96D8-BA673859A75B} = {D2BB48A4-227D-46F5-AA2F-6EF8EC1C6A36}
		{6862DF40-5CEA-44CB-AE5C-2ED645783485} = {D2BB48A4-227D-46F5-AA2F-6EF8EC1C6A36}
		{F0520423-866D-44A8-BA6A-BBDF72CB26D6} = {D2BB48A4-227D-46F5-AA2F-6EF8EC1C6A36}
		{57025B18-7B7B-4B45-B90B-D65889884284} = {D2BB48A4-227D-46F5-AA2F-6EF8EC1C6A36}
		{3C23C36A-741E-49C2-8D13-D748059D0BBC} = {D2BB48A4-227D-46F5-AA2F-6EF8EC1C6A36}
		{1BB55EE9-202E-47BA-97AE-E10B6981C947} = {D2BB48A4-227D-46F5-AA2F-6EF8EC1C6A36}
	EndGlobalSection
	GlobalSection(ExtensibilityGlobals) = postSolution
		SolutionGuid = {CA61E123-F783-4CB3-8EB2-099EE930ADD4}
	EndGlobalSection
	GlobalSection(SharedMSBuildProjectFiles) = preSolution
		CommonContracts\CommonContracts.projitems*{50b2cba1-2053-42d6-9783-184802980f4b}*SharedItemsImports = 5
		CommonContracts\CommonContracts.projitems*{567267b3-ed96-4fea-b555-2ee203372ea4}*SharedItemsImports = 13
		CommonContracts\CommonContracts.projitems*{9b08a0ce-df94-4c59-98d4-b96212e78498}*SharedItemsImports = 5
		CommonContracts\CommonContracts.projitems*{e753b478-f501-45a8-8ccb-67970f131033}*SharedItemsImports = 5
		CommonContracts\CommonContracts.projitems*{eccfaf9d-ef9b-4b19-b7d8-37e820eb3adb}*SharedItemsImports = 5
	EndGlobalSection
EndGlobal
